PODS:
  - ActionSheetPicker-3.0 (2.5.1)
  - AKNumericFormatter (0.0.2)
  - Alamofire (5.2.2)
  - AlamofireImage (4.1.0):
    - Alamofire (~> 5.1)
  - Charts (3.6.0):
    - Charts/Core (= 3.6.0)
  - Charts/Core (3.6.0)
  - Codextended (0.3.0)
  - Cosmos (23.0.0)
  - CropViewController (2.5.4)
  - CRRefresh (1.1.3)
  - DKCamera (1.6.7)
  - DKImagePickerController (4.3.2):
    - DKImagePickerController/Camera (= 4.3.2)
    - DKImagePickerController/Core (= 4.3.2)
    - DKImagePickerController/ImageDataManager (= 4.3.2)
    - DKImagePickerController/InlineCamera (= 4.3.2)
    - DKImagePickerController/PhotoEditor (= 4.3.2)
    - DKImagePickerController/PhotoGallery (= 4.3.2)
    - DKImagePickerController/Resource (= 4.3.2)
  - DKImagePickerController/Camera (4.3.2):
    - DKCamera
    - DKImagePickerController/Core
  - DKImagePickerController/Core (4.3.2):
    - DKImagePickerController/ImageDataManager
    - DKImagePickerController/Resource
  - DKImagePickerController/ImageDataManager (4.3.2)
  - DKImagePickerController/InlineCamera (4.3.2):
    - DKCamera
    - DKImagePickerController/Core
  - DKImagePickerController/PhotoEditor (4.3.2):
    - CropViewController (~> 2.5)
    - DKImagePickerController/Core
  - DKImagePickerController/PhotoGallery (4.3.2):
    - DKImagePickerController/Core
    - DKPhotoGallery
  - DKImagePickerController/Resource (4.3.2)
  - DKPhotoGallery (0.0.17):
    - DKPhotoGallery/Core (= 0.0.17)
    - DKPhotoGallery/Model (= 0.0.17)
    - DKPhotoGallery/Preview (= 0.0.17)
    - DKPhotoGallery/Resource (= 0.0.17)
    - SDWebImage
    - SwiftyGif
  - DKPhotoGallery/Core (0.0.17):
    - DKPhotoGallery/Model
    - DKPhotoGallery/Preview
    - SDWebImage
    - SwiftyGif
  - DKPhotoGallery/Model (0.0.17):
    - SDWebImage
    - SwiftyGif
  - DKPhotoGallery/Preview (0.0.17):
    - DKPhotoGallery/Model
    - DKPhotoGallery/Resource
    - SDWebImage
    - SwiftyGif
  - DKPhotoGallery/Resource (0.0.17):
    - SDWebImage
    - SwiftyGif
  - DropDown (2.3.13)
  - DZNEmptyDataSet (1.8.1)
  - EasyTipView (2.0.4)
  - Eureka (5.3.1)
  - FirebaseAnalyticsInterop (1.5.0)
  - FirebaseAuth (6.4.2):
    - FirebaseAuthInterop (~> 1.0)
    - FirebaseCore (~> 6.2)
    - GoogleUtilities/AppDelegateSwizzler (~> 6.2)
    - GoogleUtilities/Environment (~> 6.2)
    - GTMSessionFetcher/Core (~> 1.1)
  - FirebaseAuthInterop (1.1.0)
  - FirebaseCore (6.5.0):
    - FirebaseCoreDiagnostics (~> 1.0)
    - FirebaseCoreDiagnosticsInterop (~> 1.0)
    - GoogleUtilities/Environment (~> 6.4)
    - GoogleUtilities/Logger (~> 6.4)
  - FirebaseCoreDiagnostics (1.6.0):
    - GoogleDataTransport (~> 7.2)
    - GoogleUtilities/Environment (~> 6.7)
    - GoogleUtilities/Logger (~> 6.7)
    - nanopb (~> 1.30906.0)
  - FirebaseCoreDiagnosticsInterop (1.2.0)
  - FirebaseInstanceID (4.2.8):
    - FirebaseCore (~> 6.5)
    - GoogleUtilities/Environment (~> 6.4)
    - GoogleUtilities/UserDefaults (~> 6.4)
  - FirebaseMessaging (4.1.10):
    - FirebaseAnalyticsInterop (~> 1.3)
    - FirebaseCore (~> 6.2)
    - FirebaseInstanceID (~> 4.1)
    - GoogleUtilities/AppDelegateSwizzler (~> 6.2)
    - GoogleUtilities/Environment (~> 6.2)
    - GoogleUtilities/Reachability (~> 6.2)
    - GoogleUtilities/UserDefaults (~> 6.2)
    - Protobuf (>= 3.9.2, ~> 3.9)
  - FontAwesome.swift (1.9.0)
  - FSPagerView (0.8.3)
  - GoogleDataTransport (7.3.0):
    - nanopb (~> 1.30906.0)
  - GoogleMaps (3.1.0):
    - GoogleMaps/Maps (= 3.1.0)
  - GoogleMaps/Base (3.1.0)
  - GoogleMaps/Maps (3.1.0):
    - GoogleMaps/Base
  - GooglePlacePicker (3.1.0):
    - GoogleMaps (= 3.1.0)
    - GooglePlaces (= 3.1.0)
  - GooglePlaces (3.1.0):
    - GoogleMaps/Base (= 3.1.0)
  - GoogleUtilities/AppDelegateSwizzler (6.7.2):
    - GoogleUtilities/Environment
    - GoogleUtilities/Logger
    - GoogleUtilities/Network
  - GoogleUtilities/Environment (6.7.2):
    - PromisesObjC (~> 1.2)
  - GoogleUtilities/Logger (6.7.2):
    - GoogleUtilities/Environment
  - GoogleUtilities/Network (6.7.2):
    - GoogleUtilities/Logger
    - "GoogleUtilities/NSData+zlib"
    - GoogleUtilities/Reachability
  - "GoogleUtilities/NSData+zlib (6.7.2)"
  - GoogleUtilities/Reachability (6.7.2):
    - GoogleUtilities/Logger
  - GoogleUtilities/UserDefaults (6.7.2):
    - GoogleUtilities/Logger
  - GTMSessionFetcher/Core (1.4.0)
  - IQKeyboardManagerSwift (6.5.6)
  - Kingfisher (5.12.0):
    - Kingfisher/Core (= 5.12.0)
  - Kingfisher/Core (5.12.0)
  - KWVerificationCodeView (0.3.0)
  - MBProgressHUD (1.2.0)
  - nanopb (1.30906.0):
    - nanopb/decode (= 1.30906.0)
    - nanopb/encode (= 1.30906.0)
  - nanopb/decode (1.30906.0)
  - nanopb/encode (1.30906.0)
  - NVActivityIndicatorView (5.0.1):
    - NVActivityIndicatorView/Base (= 5.0.1)
  - NVActivityIndicatorView/Base (5.0.1)
  - PromisesObjC (1.2.10)
  - Protobuf (3.13.0)
  - RangeSeekSlider (1.8.0)
  - ReadMoreTextView (3.0.1)
  - Realm (4.3.2):
    - Realm/Headers (= 4.3.2)
  - Realm/Headers (4.3.2)
  - RealmSwift (4.3.2):
    - Realm (= 4.3.2)
  - RxCocoa (5.1.1):
    - RxRelay (~> 5)
    - RxSwift (~> 5)
  - RxRelay (5.1.1):
    - RxSwift (~> 5)
  - RxSwift (5.1.1)
  - SDWebImage (5.9.1):
    - SDWebImage/Core (= 5.9.1)
  - SDWebImage/Core (5.9.1)
  - SideMenu (6.4.9)
  - SkeletonView (1.11.0)
  - SKPhotoBrowser (6.1.0)
  - SkyFloatingLabelTextField (3.8.0)
  - SnapKit (5.0.1)
  - SVPinView (1.0.9)
  - SVProgressHUD (2.2.5)
  - SwiftDate (6.2.0)
  - SwiftPullToRefresh (3.1.1)
  - SwiftyGif (5.3.0)
  - SwiftyJSON (5.0.0)
  - Toast-Swift (4.0.1)
  - ViewAnimator (3.0.2)

DEPENDENCIES:
  - ActionSheetPicker-3.0
  - AKNumericFormatter
  - Alamofire (~> 5.2.2)
  - AlamofireImage (~> 4.1.0)
  - Charts
  - Codextended
  - Cosmos
  - CRRefresh
  - DKImagePickerController
  - DropDown
  - DZNEmptyDataSet
  - EasyTipView
  - Eureka
  - FirebaseAuth (~> 6.4.1)
  - FirebaseCore (~> 6.5.0)
  - FirebaseMessaging (~> 4.1.10)
  - FontAwesome.swift
  - FSPagerView
  - GooglePlacePicker
  - GooglePlaces
  - IQKeyboardManagerSwift
  - Kingfisher (~> 5.12.0)
  - KWVerificationCodeView (= 0.3.0)
  - MBProgressHUD
  - NVActivityIndicatorView
  - RangeSeekSlider
  - ReadMoreTextView
  - RealmSwift (~> 4.3.2)
  - RxCocoa
  - RxSwift
  - SideMenu
  - SkeletonView
  - SKPhotoBrowser
  - SkyFloatingLabelTextField
  - SnapKit
  - SVPinView
  - SVProgressHUD
  - SwiftDate
  - SwiftPullToRefresh
  - SwiftyJSON
  - Toast-Swift (~> 4.0.1)
  - ViewAnimator

SPEC REPOS:
  trunk:
    - ActionSheetPicker-3.0
    - AKNumericFormatter
    - Alamofire
    - AlamofireImage
    - Charts
    - Codextended
    - Cosmos
    - CropViewController
    - CRRefresh
    - DKCamera
    - DKImagePickerController
    - DKPhotoGallery
    - DropDown
    - DZNEmptyDataSet
    - EasyTipView
    - Eureka
    - FirebaseAnalyticsInterop
    - FirebaseAuth
    - FirebaseAuthInterop
    - FirebaseCore
    - FirebaseCoreDiagnostics
    - FirebaseCoreDiagnosticsInterop
    - FirebaseInstanceID
    - FirebaseMessaging
    - FontAwesome.swift
    - FSPagerView
    - GoogleDataTransport
    - GoogleMaps
    - GooglePlacePicker
    - GooglePlaces
    - GoogleUtilities
    - GTMSessionFetcher
    - IQKeyboardManagerSwift
    - Kingfisher
    - KWVerificationCodeView
    - MBProgressHUD
    - nanopb
    - NVActivityIndicatorView
    - PromisesObjC
    - Protobuf
    - RangeSeekSlider
    - ReadMoreTextView
    - Realm
    - RealmSwift
    - RxCocoa
    - RxRelay
    - RxSwift
    - SDWebImage
    - SideMenu
    - SkeletonView
    - SKPhotoBrowser
    - SkyFloatingLabelTextField
    - SnapKit
    - SVPinView
    - SVProgressHUD
    - SwiftDate
    - SwiftPullToRefresh
    - SwiftyGif
    - SwiftyJSON
    - Toast-Swift
    - ViewAnimator

SPEC CHECKSUMS:
  ActionSheetPicker-3.0: e544318243b95d1e94522613238b86ccd425e881
  AKNumericFormatter: de969ab13c504dca7aa119b558a934ccdbd1e376
  Alamofire: 814429acc853c6c54ff123fc3d2ef66803823ce0
  AlamofireImage: c4a2ba349885fb3064feb74d2e547bd42ce9be10
  Charts: b1e3a1f5a1c9ba5394438ca3b91bd8c9076310af
  Codextended: f384271b8694376ad766ddbf2a011efbfdcee905
  Cosmos: b5c6a9a637e28a061b54c8f8b1d8529d7d4db73f
  CropViewController: 980df34ffc499db89755b2f307f20eca00cd40c6
  CRRefresh: 1415d4ae06837fa7bb064c44f2e102f3ef517044
  DKCamera: a902b66921fca14b7a75266feb8c7568aa7caa71
  DKImagePickerController: b5eb7f7a388e4643264105d648d01f727110fc3d
  DKPhotoGallery: fdfad5125a9fdda9cc57df834d49df790dbb4179
  DropDown: 8a2116376c1981888557f72ec2ffc9a5e0e456ec
  DZNEmptyDataSet: 9525833b9e68ac21c30253e1d3d7076cc828eaa7
  EasyTipView: 4f8beae0a82db2ca4a9b5fd658785fc5f61d296b
  Eureka: 859877ab1e85661b6b7e810015d430e937d9cc7d
  FirebaseAnalyticsInterop: 3f86269c38ae41f47afeb43ebf32a001f58fcdae
  FirebaseAuth: ce45d7c5d46bed90159f3a73b6efbe8976ed3573
  FirebaseAuthInterop: a0f37ae05833af156e72028f648d313f7e7592e9
  FirebaseCore: 632e05cc5e1199d9147122c16d92305eb04c34bd
  FirebaseCoreDiagnostics: 7415bfb3883b3500c5a95c42b6ba66baae78f600
  FirebaseCoreDiagnosticsInterop: 296e2c5f5314500a850ad0b83e9e7c10b011a850
  FirebaseInstanceID: ce993a3c3670a8f5d47ce371ac5d143c560608c5
  FirebaseMessaging: 089b7a4991425783384acc8bcefcd78c0af913bd
  FontAwesome.swift: a403b88cec950511745ba8f2decd1b6a07346d13
  FSPagerView: 670405b2f18e2a87fa37f20b00de783e562c25a8
  GoogleDataTransport: e85fb700c9b027079ce182c3d08e12e0f9618bb4
  GoogleMaps: 5c13302e6fe6bb6e686b267196586b91cd594225
  GooglePlacePicker: fa975116ac202ac29822c0a79758ea1c4db5a95f
  GooglePlaces: e874db179f2675c4f3eeda0b686b540273a578b0
  GoogleUtilities: 7f2f5a07f888cdb145101d6042bc4422f57e70b3
  GTMSessionFetcher: 6f5c8abbab8a9bce4bb3f057e317728ec6182b10
  IQKeyboardManagerSwift: c7df9d2deb356c04522f5c4b7b6e4ce4d8ed94fe
  Kingfisher: dc6e0f53bb5b12c3e75bedb0e01bbd7a640eea69
  KWVerificationCodeView: ad0d493e30d203c45f21f3d7b6a4d2b64be53252
  MBProgressHUD: 3ee5efcc380f6a79a7cc9b363dd669c5e1ae7406
  nanopb: 59317e09cf1f1a0af72f12af412d54edf52603fc
  NVActivityIndicatorView: 738e843cb8924e9e4fc3e559d0728031624bf860
  PromisesObjC: b14b1c6b68e306650688599de8a45e49fae81151
  Protobuf: 3dac39b34a08151c6d949560efe3f86134a3f748
  RangeSeekSlider: 650b11fa1edcb92e1e0ede797669d98622570fb5
  ReadMoreTextView: 19147adf93abce6d7271e14031a00303fe28720d
  Realm: 5e92902e2875dff4bb0fd02f67bb737c3d5db2bc
  RealmSwift: 9a360fc7bae04fc2e308a34fbd899d5faa2d6b22
  RxCocoa: 32065309a38d29b5b0db858819b5bf9ef038b601
  RxRelay: d77f7d771495f43c556cbc43eebd1bb54d01e8e9
  RxSwift: 81470a2074fa8780320ea5fe4102807cb7118178
  SDWebImage: a990c053fff71e388a10f3357edb0be17929c9c5
  SideMenu: 8ef57a3cfc024a2d3fc1c036c7fe98537baec9e0
  SkeletonView: cc84ce90a804dd0dd7198dd802833411c8a64eaf
  SKPhotoBrowser: 343de95d89dc7913763c5dda243cc6e606e4a168
  SkyFloatingLabelTextField: 5a338412114808e961fe2d14ea2c5452c8b6e4aa
  SnapKit: 97b92857e3df3a0c71833cce143274bf6ef8e5eb
  SVPinView: 3dd47f5cd5ee67520ab1319a780cc0664735fafe
  SVProgressHUD: 1428aafac632c1f86f62aa4243ec12008d7a51d6
  SwiftDate: d117c3eb6beed72e47d3f4d1e3bc63fa1e66d7c3
  SwiftPullToRefresh: f61d67439c5b8d66420fe57193cab8c279398e7a
  SwiftyGif: e466e86c660d343357ab944a819a101c4127cb40
  SwiftyJSON: 36413e04c44ee145039d332b4f4e2d3e8d6c4db7
  Toast-Swift: e42a638589a2f95036b4bb7626cfbdde7daf0393
  ViewAnimator: 16435576cd44fca0b0d63147d5031fd3e91d295a

PODFILE CHECKSUM: 7b0f88b2b71d752f59c1fa6c873f1e5e1ab3c399

COCOAPODS: 1.9.1
